// !$*UTF8*$!
{
	archiveVersion = 1;
	classes = {
	};
	objectVersion = 56;
	objects = {

/* Begin PBXBuildFile section */
		05642CA9E35044A0ECE982A5 /* AuthenticationService.swift in Sources */ = {isa = PBXBuildFile; fileRef = 8F8323D18FE673AD11809A64 /* AuthenticationService.swift */; };
		142BFB9743261E7DD0EE5F09 /* HomeView.swift in Sources */ = {isa = PBXBuildFile; fileRef = F39F812998A41B7A788AF226 /* HomeView.swift */; };
		22D45419EA290A970ADCD53D /* ProgressView.swift in Sources */ = {isa = PBXBuildFile; fileRef = 312A3941BB77222108AF5347 /* ProgressView.swift */; };
		2D3D9DE3C145CD9D13636F1D /* ConnectionsView.swift in Sources */ = {isa = PBXBuildFile; fileRef = 770169DF1AAD9E35AA7402BA /* ConnectionsView.swift */; };
		339DDF06BE3AD9466B1D4205 /* GoogleSignIn in Frameworks */ = {isa = PBXBuildFile; productRef = 605AB58F109A4FB317E1B922 /* GoogleSignIn */; };
		39BBBE9F4864D0F276A87551 /* ProfileView.swift in Sources */ = {isa = PBXBuildFile; fileRef = A12CFA0AE37BA4672D10B7DF /* ProfileView.swift */; };
		5144A121F9194745C69F5FC3 /* LoginView.swift in Sources */ = {isa = PBXBuildFile; fileRef = FE39B80FD6E0B5D2FAF201C2 /* LoginView.swift */; };
		5196A62CED834EADA5B4DCA6 /* FirebaseFirestore in Frameworks */ = {isa = PBXBuildFile; productRef = CF0F3D03A484BEBF8BA36C78 /* FirebaseFirestore */; };
		6126C2FFCE81FEA6A9027F50 /* GoogleSignInSwift in Frameworks */ = {isa = PBXBuildFile; productRef = 568548CDAACBE3D07D8279F9 /* GoogleSignInSwift */; };
		93A1AE0B02858ED611956B80 /* Version.swift in Sources */ = {isa = PBXBuildFile; fileRef = E6C2B38CC1E19411F5602E6B /* Version.swift */; };
		B2012F97FD4E7751B529FC94 /* ContentView.swift in Sources */ = {isa = PBXBuildFile; fileRef = 86FCCF867A8881096B3B7EC2 /* ContentView.swift */; };
		C2B20C71145EADCEE197251F /* ResourcesView.swift in Sources */ = {isa = PBXBuildFile; fileRef = 2877A7FBD39EECC37E5C8ED8 /* ResourcesView.swift */; };
		CC74B31D7BB038173427D47E /* FirebaseStorage in Frameworks */ = {isa = PBXBuildFile; productRef = A3D1F2AC8E0F12521C27670A /* FirebaseStorage */; };
		D3294697B2F9CBBD6EE12110 /* FirebaseAnalytics in Frameworks */ = {isa = PBXBuildFile; productRef = 617EF679DE7971D6616B2F43 /* FirebaseAnalytics */; };
		D66CD84E4C670A80B893CD95 /* PETS_appApp.swift in Sources */ = {isa = PBXBuildFile; fileRef = 39AB5DD4D80EFB7CE1091B62 /* PETS_appApp.swift */; };
		E84CF776C9FD3D32F24BB57F /* FirebaseAuth in Frameworks */ = {isa = PBXBuildFile; productRef = 6E2ADEB1DFFE57F783A3A43F /* FirebaseAuth */; };
		EDF0BDEB7BA2CAC0E280C356 /* GoogleService-Info.plist in Resources */ = {isa = PBXBuildFile; fileRef = 973093C1AA2021F311A071C5 /* GoogleService-Info.plist */; };
		F7E4D715F72BB4C7103F0426 /* SettingsView.swift in Sources */ = {isa = PBXBuildFile; fileRef = 325606C5F92FE507F8B87654 /* SettingsView.swift */; };
/* End PBXBuildFile section */

/* Begin PBXFileReference section */
		2877A7FBD39EECC37E5C8ED8 /* ResourcesView.swift */ = {isa = PBXFileReference; lastKnownFileType = sourcecode.swift; path = ResourcesView.swift; sourceTree = "<group>"; };
		312A3941BB77222108AF5347 /* ProgressView.swift */ = {isa = PBXFileReference; lastKnownFileType = sourcecode.swift; path = ProgressView.swift; sourceTree = "<group>"; };
		325606C5F92FE507F8B87654 /* SettingsView.swift */ = {isa = PBXFileReference; lastKnownFileType = sourcecode.swift; path = SettingsView.swift; sourceTree = "<group>"; };
		39AB5DD4D80EFB7CE1091B62 /* PETS_appApp.swift */ = {isa = PBXFileReference; lastKnownFileType = sourcecode.swift; path = PETS_appApp.swift; sourceTree = "<group>"; };
		770169DF1AAD9E35AA7402BA /* ConnectionsView.swift */ = {isa = PBXFileReference; lastKnownFileType = sourcecode.swift; path = ConnectionsView.swift; sourceTree = "<group>"; };
		86FCCF867A8881096B3B7EC2 /* ContentView.swift */ = {isa = PBXFileReference; lastKnownFileType = sourcecode.swift; path = ContentView.swift; sourceTree = "<group>"; };
		8CDF4798A8C596C49D061E3B /* Info.plist */ = {isa = PBXFileReference; lastKnownFileType = text.plist; path = Info.plist; sourceTree = "<group>"; };
		8F8323D18FE673AD11809A64 /* AuthenticationService.swift */ = {isa = PBXFileReference; lastKnownFileType = sourcecode.swift; path = AuthenticationService.swift; sourceTree = "<group>"; };
		973093C1AA2021F311A071C5 /* GoogleService-Info.plist */ = {isa = PBXFileReference; lastKnownFileType = text.plist; path = "GoogleService-Info.plist"; sourceTree = "<group>"; };
		A12CFA0AE37BA4672D10B7DF /* ProfileView.swift */ = {isa = PBXFileReference; lastKnownFileType = sourcecode.swift; path = ProfileView.swift; sourceTree = "<group>"; };
		AFC814FF63653617B874E1F8 /* PETS_app.app */ = {isa = PBXFileReference; explicitFileType = wrapper.application; includeInIndex = 0; path = PETS_app.app; sourceTree = BUILT_PRODUCTS_DIR; };
		E6C2B38CC1E19411F5602E6B /* Version.swift */ = {isa = PBXFileReference; lastKnownFileType = sourcecode.swift; path = Version.swift; sourceTree = "<group>"; };
		F39F812998A41B7A788AF226 /* HomeView.swift */ = {isa = PBXFileReference; lastKnownFileType = sourcecode.swift; path = HomeView.swift; sourceTree = "<group>"; };
		FE39B80FD6E0B5D2FAF201C2 /* LoginView.swift */ = {isa = PBXFileReference; lastKnownFileType = sourcecode.swift; path = LoginView.swift; sourceTree = "<group>"; };
/* End PBXFileReference section */

/* Begin PBXFrameworksBuildPhase section */
		78C876B1C70C0C2825B4449D /* Frameworks */ = {
			isa = PBXFrameworksBuildPhase;
			buildActionMask = 2147483647;
			files = (
				E84CF776C9FD3D32F24BB57F /* FirebaseAuth in Frameworks */,
				5196A62CED834EADA5B4DCA6 /* FirebaseFirestore in Frameworks */,
				CC74B31D7BB038173427D47E /* FirebaseStorage in Frameworks */,
				D3294697B2F9CBBD6EE12110 /* FirebaseAnalytics in Frameworks */,
				339DDF06BE3AD9466B1D4205 /* GoogleSignIn in Frameworks */,
				6126C2FFCE81FEA6A9027F50 /* GoogleSignInSwift in Frameworks */,
			);
			runOnlyForDeploymentPostprocessing = 0;
		};
/* End PBXFrameworksBuildPhase section */

/* Begin PBXGroup section */
		0B210E82B4B48EDE9463C127 /* Sources */ = {
			isa = PBXGroup;
			children = (
				770169DF1AAD9E35AA7402BA /* ConnectionsView.swift */,
				86FCCF867A8881096B3B7EC2 /* ContentView.swift */,
				973093C1AA2021F311A071C5 /* GoogleService-Info.plist */,
				F39F812998A41B7A788AF226 /* HomeView.swift */,
				8CDF4798A8C596C49D061E3B /* Info.plist */,
				FE39B80FD6E0B5D2FAF201C2 /* LoginView.swift */,
				39AB5DD4D80EFB7CE1091B62 /* PETS_appApp.swift */,
				A12CFA0AE37BA4672D10B7DF /* ProfileView.swift */,
				312A3941BB77222108AF5347 /* ProgressView.swift */,
				2877A7FBD39EECC37E5C8ED8 /* ResourcesView.swift */,
				E6C2B38CC1E19411F5602E6B /* Version.swift */,
				85E5E1526249D27843D5264A /* Utils */,
				98E7E990CA4468C7A5A670AD /* Views */,
			);
			path = Sources;
			sourceTree = "<group>";
		};
		7567127C83474C5600083776 /* Products */ = {
			isa = PBXGroup;
			children = (
				AFC814FF63653617B874E1F8 /* PETS_app.app */,
			);
			name = Products;
			sourceTree = "<group>";
		};
		85E5E1526249D27843D5264A /* Utils */ = {
			isa = PBXGroup;
			children = (
				8F8323D18FE673AD11809A64 /* AuthenticationService.swift */,
			);
			path = Utils;
			sourceTree = "<group>";
		};
		98E7E990CA4468C7A5A670AD /* Views */ = {
			isa = PBXGroup;
			children = (
				325606C5F92FE507F8B87654 /* SettingsView.swift */,
			);
			path = Views;
			sourceTree = "<group>";
		};
		C84EF49BE1D4C6E2ED5C7004 = {
			isa = PBXGroup;
			children = (
				0B210E82B4B48EDE9463C127 /* Sources */,
				7567127C83474C5600083776 /* Products */,
			);
			sourceTree = "<group>";
		};
/* End PBXGroup section */

/* Begin PBXNativeTarget section */
		726268CEC594EC27EE736375 /* PETS_app */ = {
			isa = PBXNativeTarget;
			buildConfigurationList = 00CD1764BE9EEDCC6C3849D5 /* Build configuration list for PBXNativeTarget "PETS_app" */;
			buildPhases = (
				0289A1FA05B4322295F958C2 /* Sources */,
				F172CCB993D0163ED7117800 /* Resources */,
				78C876B1C70C0C2825B4449D /* Frameworks */,
			);
			buildRules = (
			);
			dependencies = (
			);
			name = PETS_app;
			packageProductDependencies = (
				6E2ADEB1DFFE57F783A3A43F /* FirebaseAuth */,
				CF0F3D03A484BEBF8BA36C78 /* FirebaseFirestore */,
				A3D1F2AC8E0F12521C27670A /* FirebaseStorage */,
				617EF679DE7971D6616B2F43 /* FirebaseAnalytics */,
				605AB58F109A4FB317E1B922 /* GoogleSignIn */,
				568548CDAACBE3D07D8279F9 /* GoogleSignInSwift */,
			);
			productName = PETS_app;
			productReference = AFC814FF63653617B874E1F8 /* PETS_app.app */;
			productType = "com.apple.product-type.application";
		};
/* End PBXNativeTarget section */

/* Begin PBXProject section */
		07A0B6FE9D6A2DFC77C8F395 /* Project object */ = {
			isa = PBXProject;
			attributes = {
				BuildIndependentTargetsInParallel = YES;
				LastUpgradeCheck = 1500;
			};
			buildConfigurationList = 18A275530AD78BC73A3725F7 /* Build configuration list for PBXProject "PETS_app" */;
			compatibilityVersion = "Xcode 14.0";
			developmentRegion = en;
			hasScannedForEncodings = 0;
			knownRegions = (
				Base,
				en,
			);
			mainGroup = C84EF49BE1D4C6E2ED5C7004;
			packageReferences = (
				CEDEBFC1CE3314C97FA8F18C /* XCRemoteSwiftPackageReference "firebase-ios-sdk" */,
				84EEC829C8A62D261D3BAEA6 /* XCRemoteSwiftPackageReference "GoogleSignIn-iOS" */,
			);
			projectDirPath = "";
			projectRoot = "";
			targets = (
				726268CEC594EC27EE736375 /* PETS_app */,
			);
		};
/* End PBXProject section */

/* Begin PBXResourcesBuildPhase section */
		F172CCB993D0163ED7117800 /* Resources */ = {
			isa = PBXResourcesBuildPhase;
			buildActionMask = 2147483647;
			files = (
				EDF0BDEB7BA2CAC0E280C356 /* GoogleService-Info.plist in Resources */,
			);
			runOnlyForDeploymentPostprocessing = 0;
		};
/* End PBXResourcesBuildPhase section */

/* Begin PBXSourcesBuildPhase section */
		0289A1FA05B4322295F958C2 /* Sources */ = {
			isa = PBXSourcesBuildPhase;
			buildActionMask = 2147483647;
			files = (
				05642CA9E35044A0ECE982A5 /* AuthenticationService.swift in Sources */,
				2D3D9DE3C145CD9D13636F1D /* ConnectionsView.swift in Sources */,
				B2012F97FD4E7751B529FC94 /* ContentView.swift in Sources */,
				142BFB9743261E7DD0EE5F09 /* HomeView.swift in Sources */,
				5144A121F9194745C69F5FC3 /* LoginView.swift in Sources */,
				D66CD84E4C670A80B893CD95 /* PETS_appApp.swift in Sources */,
				39BBBE9F4864D0F276A87551 /* ProfileView.swift in Sources */,
				22D45419EA290A970ADCD53D /* ProgressView.swift in Sources */,
				C2B20C71145EADCEE197251F /* ResourcesView.swift in Sources */,
				F7E4D715F72BB4C7103F0426 /* SettingsView.swift in Sources */,
				93A1AE0B02858ED611956B80 /* Version.swift in Sources */,
			);
			runOnlyForDeploymentPostprocessing = 0;
		};
/* End PBXSourcesBuildPhase section */

/* Begin XCBuildConfiguration section */
		19BD06F9A36DAA29D35B2619 /* Release */ = {
			isa = XCBuildConfiguration;
			buildSettings = {
				ASSETCATALOG_COMPILER_APPICON_NAME = AppIcon;
				ASSETCATALOG_COMPILER_GLOBAL_ACCENT_COLOR_NAME = AccentColor;
				CLANG_ENABLE_MODULES = YES;
				CODE_SIGN_IDENTITY = "Apple Development";
				CODE_SIGN_STYLE = Automatic;
				DEVELOPMENT_TEAM = D4KW6R627K;
				ENABLE_BITCODE = NO;
				ENABLE_TESTABILITY = YES;
				INFOPLIST_FILE = Sources/Info.plist;
				INFOPLIST_KEY_CFBundleURLTypes = "{\n    CFBundleURLSchemes =     (\n        \"com.googleusercontent.apps.1-672591439997-ios-4c8d078907da4e46376914\"\n    );\n}";
				INFOPLIST_KEY_UIApplicationSceneManifest_Generation = YES;
				INFOPLIST_KEY_UILaunchScreen_Generation = YES;
				INFOPLIST_KEY_UISupportedInterfaceOrientations_iPad = "UIInterfaceOrientationPortrait UIInterfaceOrientationPortraitUpsideDown UIInterfaceOrientationLandscapeLeft UIInterfaceOrientationLandscapeRight";
				INFOPLIST_KEY_UISupportedInterfaceOrientations_iPhone = "UIInterfaceOrientationPortrait UIInterfaceOrientationLandscapeLeft UIInterfaceOrientationLandscapeRight";
				IPHONEOS_DEPLOYMENT_TARGET = 16.0;
				LD_RUNPATH_SEARCH_PATHS = (
					"$(inherited)",
					"@executable_path/Frameworks",
				);
				ONLY_ACTIVE_ARCH = YES;
				OTHER_LDFLAGS = (
					"$(inherited)",
					"-ObjC",
				);
				PRODUCT_BUNDLE_IDENTIFIER = com.jeffwhite.petapp;
				PROVISIONING_PROFILE_SPECIFIER = "";
				SDKROOT = iphoneos;
				SWIFT_ACTIVE_COMPILATION_CONDITIONS = DEBUG;
				SWIFT_EMIT_LOC_STRINGS = YES;
				SWIFT_INSTALL_OBJC_HEADER = NO;
				SWIFT_VERSION = 5.0;
				TARGETED_DEVICE_FAMILY = "1,2";
				VALIDATE_WORKSPACE = YES;
			};
			name = Release;
		};
		84DFDBF3F03C2F8A358880EB /* Debug */ = {
			isa = XCBuildConfiguration;
			buildSettings = {
				ASSETCATALOG_COMPILER_APPICON_NAME = AppIcon;
				ASSETCATALOG_COMPILER_GLOBAL_ACCENT_COLOR_NAME = AccentColor;
				CLANG_ENABLE_MODULES = YES;
				CODE_SIGN_IDENTITY = "Apple Development";
				CODE_SIGN_STYLE = Automatic;
				DEVELOPMENT_TEAM = D4KW6R627K;
				ENABLE_BITCODE = NO;
				ENABLE_TESTABILITY = YES;
				INFOPLIST_FILE = Sources/Info.plist;
				INFOPLIST_KEY_CFBundleURLTypes = "{\n    CFBundleURLSchemes =     (\n        \"com.googleusercontent.apps.1-672591439997-ios-4c8d078907da4e46376914\"\n    );\n}";
				INFOPLIST_KEY_UIApplicationSceneManifest_Generation = YES;
				INFOPLIST_KEY_UILaunchScreen_Generation = YES;
				INFOPLIST_KEY_UISupportedInterfaceOrientations_iPad = "UIInterfaceOrientationPortrait UIInterfaceOrientationPortraitUpsideDown UIInterfaceOrientationLandscapeLeft UIInterfaceOrientationLandscapeRight";
				INFOPLIST_KEY_UISupportedInterfaceOrientations_iPhone = "UIInterfaceOrientationPortrait UIInterfaceOrientationLandscapeLeft UIInterfaceOrientationLandscapeRight";
				IPHONEOS_DEPLOYMENT_TARGET = 16.0;
				LD_RUNPATH_SEARCH_PATHS = (
					"$(inherited)",
					"@executable_path/Frameworks",
				);
				ONLY_ACTIVE_ARCH = YES;
				OTHER_LDFLAGS = (
					"$(inherited)",
					"-ObjC",
				);
				PRODUCT_BUNDLE_IDENTIFIER = com.jeffwhite.petapp;
				PROVISIONING_PROFILE_SPECIFIER = "";
				SDKROOT = iphoneos;
				SWIFT_ACTIVE_COMPILATION_CONDITIONS = DEBUG;
				SWIFT_EMIT_LOC_STRINGS = YES;
				SWIFT_INSTALL_OBJC_HEADER = NO;
				SWIFT_VERSION = 5.0;
				TARGETED_DEVICE_FAMILY = "1,2";
				VALIDATE_WORKSPACE = YES;
			};
			name = Debug;
		};
		F801596C85A0B007A2CFF83B /* Release */ = {
			isa = XCBuildConfiguration;
			buildSettings = {
				ALWAYS_SEARCH_USER_PATHS = NO;
				CLANG_ANALYZER_NONNULL = YES;
				CLANG_ANALYZER_NUMBER_OBJECT_CONVERSION = YES_AGGRESSIVE;
				CLANG_CXX_LANGUAGE_STANDARD = "gnu++14";
				CLANG_CXX_LIBRARY = "libc++";
				CLANG_ENABLE_MODULES = YES;
				CLANG_ENABLE_OBJC_ARC = YES;
				CLANG_ENABLE_OBJC_WEAK = YES;
				CLANG_WARN_BLOCK_CAPTURE_AUTORELEASING = YES;
				CLANG_WARN_BOOL_CONVERSION = YES;
				CLANG_WARN_COMMA = YES;
				CLANG_WARN_CONSTANT_CONVERSION = YES;
				CLANG_WARN_DEPRECATED_OBJC_IMPLEMENTATIONS = YES;
				CLANG_WARN_DIRECT_OBJC_ISA_USAGE = YES_ERROR;
				CLANG_WARN_DOCUMENTATION_COMMENTS = YES;
				CLANG_WARN_EMPTY_BODY = YES;
				CLANG_WARN_ENUM_CONVERSION = YES;
				CLANG_WARN_INFINITE_RECURSION = YES;
				CLANG_WARN_INT_CONVERSION = YES;
				CLANG_WARN_NON_LITERAL_NULL_CONVERSION = YES;
				CLANG_WARN_OBJC_IMPLICIT_RETAIN_SELF = YES;
				CLANG_WARN_OBJC_LITERAL_CONVERSION = YES;
				CLANG_WARN_OBJC_ROOT_CLASS = YES_ERROR;
				CLANG_WARN_QUOTED_INCLUDE_IN_FRAMEWORK_HEADER = YES;
				CLANG_WARN_RANGE_LOOP_ANALYSIS = YES;
				CLANG_WARN_STRICT_PROTOTYPES = YES;
				CLANG_WARN_SUSPICIOUS_MOVE = YES;
				CLANG_WARN_UNGUARDED_AVAILABILITY = YES_AGGRESSIVE;
				CLANG_WARN_UNREACHABLE_CODE = YES;
				CLANG_WARN__DUPLICATE_METHOD_MATCH = YES;
				COPY_PHASE_STRIP = NO;
				DEBUG_INFORMATION_FORMAT = "dwarf-with-dsym";
				ENABLE_NS_ASSERTIONS = NO;
				ENABLE_STRICT_OBJC_MSGSEND = YES;
				GCC_C_LANGUAGE_STANDARD = gnu11;
				GCC_NO_COMMON_BLOCKS = YES;
				GCC_WARN_64_TO_32_BIT_CONVERSION = YES;
				GCC_WARN_ABOUT_RETURN_TYPE = YES_ERROR;
				GCC_WARN_UNDECLARED_SELECTOR = YES;
				GCC_WARN_UNINITIALIZED_AUTOS = YES_AGGRESSIVE;
				GCC_WARN_UNUSED_FUNCTION = YES;
				GCC_WARN_UNUSED_VARIABLE = YES;
				IPHONEOS_DEPLOYMENT_TARGET = 16.0;
				MTL_ENABLE_DEBUG_INFO = NO;
				MTL_FAST_MATH = YES;
				PRODUCT_NAME = "$(TARGET_NAME)";
				SDKROOT = iphoneos;
				SWIFT_COMPILATION_MODE = wholemodule;
				SWIFT_OPTIMIZATION_LEVEL = "-O";
				SWIFT_VERSION = 5.0;
			};
			name = Release;
		};
		F97440C7E4132D6933C7E5E6 /* Debug */ = {
			isa = XCBuildConfiguration;
			buildSettings = {
				ALWAYS_SEARCH_USER_PATHS = NO;
				CLANG_ANALYZER_NONNULL = YES;
				CLANG_ANALYZER_NUMBER_OBJECT_CONVERSION = YES_AGGRESSIVE;
				CLANG_CXX_LANGUAGE_STANDARD = "gnu++14";
				CLANG_CXX_LIBRARY = "libc++";
				CLANG_ENABLE_MODULES = YES;
				CLANG_ENABLE_OBJC_ARC = YES;
				CLANG_ENABLE_OBJC_WEAK = YES;
				CLANG_WARN_BLOCK_CAPTURE_AUTORELEASING = YES;
				CLANG_WARN_BOOL_CONVERSION = YES;
				CLANG_WARN_COMMA = YES;
				CLANG_WARN_CONSTANT_CONVERSION = YES;
				CLANG_WARN_DEPRECATED_OBJC_IMPLEMENTATIONS = YES;
				CLANG_WARN_DIRECT_OBJC_ISA_USAGE = YES_ERROR;
				CLANG_WARN_DOCUMENTATION_COMMENTS = YES;
				CLANG_WARN_EMPTY_BODY = YES;
				CLANG_WARN_ENUM_CONVERSION = YES;
				CLANG_WARN_INFINITE_RECURSION = YES;
				CLANG_WARN_INT_CONVERSION = YES;
				CLANG_WARN_NON_LITERAL_NULL_CONVERSION = YES;
				CLANG_WARN_OBJC_IMPLICIT_RETAIN_SELF = YES;
				CLANG_WARN_OBJC_LITERAL_CONVERSION = YES;
				CLANG_WARN_OBJC_ROOT_CLASS = YES_ERROR;
				CLANG_WARN_QUOTED_INCLUDE_IN_FRAMEWORK_HEADER = YES;
				CLANG_WARN_RANGE_LOOP_ANALYSIS = YES;
				CLANG_WARN_STRICT_PROTOTYPES = YES;
				CLANG_WARN_SUSPICIOUS_MOVE = YES;
				CLANG_WARN_UNGUARDED_AVAILABILITY = YES_AGGRESSIVE;
				CLANG_WARN_UNREACHABLE_CODE = YES;
				CLANG_WARN__DUPLICATE_METHOD_MATCH = YES;
				COPY_PHASE_STRIP = NO;
				DEBUG_INFORMATION_FORMAT = dwarf;
				ENABLE_STRICT_OBJC_MSGSEND = YES;
				ENABLE_TESTABILITY = YES;
				GCC_C_LANGUAGE_STANDARD = gnu11;
				GCC_DYNAMIC_NO_PIC = NO;
				GCC_NO_COMMON_BLOCKS = YES;
				GCC_OPTIMIZATION_LEVEL = 0;
				GCC_PREPROCESSOR_DEFINITIONS = (
					"$(inherited)",
					"DEBUG=1",
				);
				GCC_WARN_64_TO_32_BIT_CONVERSION = YES;
				GCC_WARN_ABOUT_RETURN_TYPE = YES_ERROR;
				GCC_WARN_UNDECLARED_SELECTOR = YES;
				GCC_WARN_UNINITIALIZED_AUTOS = YES_AGGRESSIVE;
				GCC_WARN_UNUSED_FUNCTION = YES;
				GCC_WARN_UNUSED_VARIABLE = YES;
				IPHONEOS_DEPLOYMENT_TARGET = 16.0;
				MTL_ENABLE_DEBUG_INFO = INCLUDE_SOURCE;
				MTL_FAST_MATH = YES;
				ONLY_ACTIVE_ARCH = YES;
				PRODUCT_NAME = "$(TARGET_NAME)";
				SDKROOT = iphoneos;
				SWIFT_ACTIVE_COMPILATION_CONDITIONS = DEBUG;
				SWIFT_OPTIMIZATION_LEVEL = "-Onone";
				SWIFT_VERSION = 5.0;
			};
			name = Debug;
		};
/* End XCBuildConfiguration section */

/* Begin XCConfigurationList section */
		00CD1764BE9EEDCC6C3849D5 /* Build configuration list for PBXNativeTarget "PETS_app" */ = {
			isa = XCConfigurationList;
			buildConfigurations = (
				84DFDBF3F03C2F8A358880EB /* Debug */,
				19BD06F9A36DAA29D35B2619 /* Release */,
			);
			defaultConfigurationIsVisible = 0;
			defaultConfigurationName = Debug;
		};
		18A275530AD78BC73A3725F7 /* Build configuration list for PBXProject "PETS_app" */ = {
			isa = XCConfigurationList;
			buildConfigurations = (
				F97440C7E4132D6933C7E5E6 /* Debug */,
				F801596C85A0B007A2CFF83B /* Release */,
			);
			defaultConfigurationIsVisible = 0;
			defaultConfigurationName = Debug;
		};
/* End XCConfigurationList section */

/* Begin XCRemoteSwiftPackageReference section */
		84EEC829C8A62D261D3BAEA6 /* XCRemoteSwiftPackageReference "GoogleSignIn-iOS" */ = {
			isa = XCRemoteSwiftPackageReference;
			repositoryURL = "https://github.com/google/GoogleSignIn-iOS";
			requirement = {
				kind = upToNextMajorVersion;
				minimumVersion = 7.0.0;
			};
		};
		CEDEBFC1CE3314C97FA8F18C /* XCRemoteSwiftPackageReference "firebase-ios-sdk" */ = {
			isa = XCRemoteSwiftPackageReference;
			repositoryURL = "https://github.com/firebase/firebase-ios-sdk";
			requirement = {
				kind = upToNextMajorVersion;
				minimumVersion = 10.0.0;
			};
		};
/* End XCRemoteSwiftPackageReference section */

/* Begin XCSwiftPackageProductDependency section */
		568548CDAACBE3D07D8279F9 /* GoogleSignInSwift */ = {
			isa = XCSwiftPackageProductDependency;
			package = 84EEC829C8A62D261D3BAEA6 /* XCRemoteSwiftPackageReference "GoogleSignIn-iOS" */;
			productName = GoogleSignInSwift;
		};
		605AB58F109A4FB317E1B922 /* GoogleSignIn */ = {
			isa = XCSwiftPackageProductDependency;
			package = 84EEC829C8A62D261D3BAEA6 /* XCRemoteSwiftPackageReference "GoogleSignIn-iOS" */;
			productName = GoogleSignIn;
		};
		617EF679DE7971D6616B2F43 /* FirebaseAnalytics */ = {
			isa = XCSwiftPackageProductDependency;
			package = CEDEBFC1CE3314C97FA8F18C /* XCRemoteSwiftPackageReference "firebase-ios-sdk" */;
			productName = FirebaseAnalytics;
		};
		6E2ADEB1DFFE57F783A3A43F /* FirebaseAuth */ = {
			isa = XCSwiftPackageProductDependency;
			package = CEDEBFC1CE3314C97FA8F18C /* XCRemoteSwiftPackageReference "firebase-ios-sdk" */;
			productName = FirebaseAuth;
		};
		A3D1F2AC8E0F12521C27670A /* FirebaseStorage */ = {
			isa = XCSwiftPackageProductDependency;
			package = CEDEBFC1CE3314C97FA8F18C /* XCRemoteSwiftPackageReference "firebase-ios-sdk" */;
			productName = FirebaseStorage;
		};
		CF0F3D03A484BEBF8BA36C78 /* FirebaseFirestore */ = {
			isa = XCSwiftPackageProductDependency;
			package = CEDEBFC1CE3314C97FA8F18C /* XCRemoteSwiftPackageReference "firebase-ios-sdk" */;
			productName = FirebaseFirestore;
		};
/* End XCSwiftPackageProductDependency section */
	};
	rootObject = 07A0B6FE9D6A2DFC77C8F395 /* Project object */;
}
